Microsoft Visual Studio Solution File, Format Version 12.00
# Visual Studio 15
Project("{2150E333-8FDC-42A3-9474-1A3956D46DE8}") = "CMakePredefinedTargets", "CMakePredefinedTargets", "{6F6D359E-A99E-3F91-AF10-8F1D283C7C7C}"
EndProject
Project("{2150E333-8FDC-42A3-9474-1A3956D46DE8}") = "GLFW3", "GLFW3", "{6C166944-A0E4-3522-88DD-F90026836486}"
EndProject
Project("{8BC9CEB8-8B4A-11D0-8D11-00A0C91BC942}") = "ALL_BUILD", "ALL_BUILD.vcxproj", "{99D457DA-BA6D-3A4D-A4AC-5B739EAD21F9}"
	ProjectSection(ProjectDependencies) = postProject
		{C7A6304F-56EE-3293-85D3-E78F62D3ED5B} = {C7A6304F-56EE-3293-85D3-E78F62D3ED5B}
		{3C7EA636-9F97-37D5-BEAE-9C8FBD6FFDA0} = {3C7EA636-9F97-37D5-BEAE-9C8FBD6FFDA0}
		{DFDA324A-3266-3ADA-9723-45F5F6E686ED} = {DFDA324A-3266-3ADA-9723-45F5F6E686ED}
		{EDFD1413-32C1-3C41-BA71-7E460A75DB31} = {EDFD1413-32C1-3C41-BA71-7E460A75DB31}
		{192E948A-068C-32AF-8A2D-926B572A951E} = {192E948A-068C-32AF-8A2D-926B572A951E}
	EndProjectSection
EndProject
Project("{8BC9CEB8-8B4A-11D0-8D11-00A0C91BC942}") = "SolarSystem", "src\SolarSystem.vcxproj", "{C7A6304F-56EE-3293-85D3-E78F62D3ED5B}"
	ProjectSection(ProjectDependencies) = postProject
		{3C7EA636-9F97-37D5-BEAE-9C8FBD6FFDA0} = {3C7EA636-9F97-37D5-BEAE-9C8FBD6FFDA0}
		{DFDA324A-3266-3ADA-9723-45F5F6E686ED} = {DFDA324A-3266-3ADA-9723-45F5F6E686ED}
		{EDFD1413-32C1-3C41-BA71-7E460A75DB31} = {EDFD1413-32C1-3C41-BA71-7E460A75DB31}
		{192E948A-068C-32AF-8A2D-926B572A951E} = {192E948A-068C-32AF-8A2D-926B572A951E}
	EndProjectSection
EndProject
Project("{8BC9CEB8-8B4A-11D0-8D11-00A0C91BC942}") = "ZERO_CHECK", "ZERO_CHECK.vcxproj", "{3C7EA636-9F97-37D5-BEAE-9C8FBD6FFDA0}"
	ProjectSection(ProjectDependencies) = postProject
	EndProjectSection
EndProject
Project("{8BC9CEB8-8B4A-11D0-8D11-00A0C91BC942}") = "glew", "lib\glew\glew.vcxproj", "{DFDA324A-3266-3ADA-9723-45F5F6E686ED}"
	ProjectSection(ProjectDependencies) = postProject
		{3C7EA636-9F97-37D5-BEAE-9C8FBD6FFDA0} = {3C7EA636-9F97-37D5-BEAE-9C8FBD6FFDA0}
	EndProjectSection
EndProject
Project("{8BC9CEB8-8B4A-11D0-8D11-00A0C91BC942}") = "glfw", "lib\glfw\src\glfw.vcxproj", "{EDFD1413-32C1-3C41-BA71-7E460A75DB31}"
	ProjectSection(ProjectDependencies) = postProject
		{3C7EA636-9F97-37D5-BEAE-9C8FBD6FFDA0} = {3C7EA636-9F97-37D5-BEAE-9C8FBD6FFDA0}
	EndProjectSection
EndProject
Project("{8BC9CEB8-8B4A-11D0-8D11-00A0C91BC942}") = "lodePNG", "lib\lodePNG\lodePNG.vcxproj", "{192E948A-068C-32AF-8A2D-926B572A951E}"
	ProjectSection(ProjectDependencies) = postProject
		{3C7EA636-9F97-37D5-BEAE-9C8FBD6FFDA0} = {3C7EA636-9F97-37D5-BEAE-9C8FBD6FFDA0}
	EndProjectSection
EndProject
Global
	GlobalSection(SolutionConfigurationPlatforms) = preSolution
		Debug|Win32 = Debug|Win32
		Release|Win32 = Release|Win32
		MinSizeRel|Win32 = MinSizeRel|Win32
		RelWithDebInfo|Win32 = RelWithDebInfo|Win32
	EndGlobalSection
	GlobalSection(ProjectConfigurationPlatforms) = postSolution
		{99D457DA-BA6D-3A4D-A4AC-5B739EAD21F9}.Debug|Win32.ActiveCfg = Debug|Win32
		{99D457DA-BA6D-3A4D-A4AC-5B739EAD21F9}.Release|Win32.ActiveCfg = Release|Win32
		{99D457DA-BA6D-3A4D-A4AC-5B739EAD21F9}.MinSizeRel|Win32.ActiveCfg = MinSizeRel|Win32
		{99D457DA-BA6D-3A4D-A4AC-5B739EAD21F9}.RelWithDebInfo|Win32.ActiveCfg = RelWithDebInfo|Win32
		{C7A6304F-56EE-3293-85D3-E78F62D3ED5B}.Debug|Win32.ActiveCfg = Debug|Win32
		{C7A6304F-56EE-3293-85D3-E78F62D3ED5B}.Debug|Win32.Build.0 = Debug|Win32
		{C7A6304F-56EE-3293-85D3-E78F62D3ED5B}.Release|Win32.ActiveCfg = Release|Win32
		{C7A6304F-56EE-3293-85D3-E78F62D3ED5B}.Release|Win32.Build.0 = Release|Win32
		{C7A6304F-56EE-3293-85D3-E78F62D3ED5B}.MinSizeRel|Win32.ActiveCfg = MinSizeRel|Win32
		{C7A6304F-56EE-3293-85D3-E78F62D3ED5B}.MinSizeRel|Win32.Build.0 = MinSizeRel|Win32
		{C7A6304F-56EE-3293-85D3-E78F62D3ED5B}.RelWithDebInfo|Win32.ActiveCfg = RelWithDebInfo|Win32
		{C7A6304F-56EE-3293-85D3-E78F62D3ED5B}.RelWithDebInfo|Win32.Build.0 = RelWithDebInfo|Win32
		{3C7EA636-9F97-37D5-BEAE-9C8FBD6FFDA0}.Debug|Win32.ActiveCfg = Debug|Win32
		{3C7EA636-9F97-37D5-BEAE-9C8FBD6FFDA0}.Debug|Win32.Build.0 = Debug|Win32
		{3C7EA636-9F97-37D5-BEAE-9C8FBD6FFDA0}.Release|Win32.ActiveCfg = Release|Win32
		{3C7EA636-9F97-37D5-BEAE-9C8FBD6FFDA0}.Release|Win32.Build.0 = Release|Win32
		{3C7EA636-9F97-37D5-BEAE-9C8FBD6FFDA0}.MinSizeRel|Win32.ActiveCfg = MinSizeRel|Win32
		{3C7EA636-9F97-37D5-BEAE-9C8FBD6FFDA0}.MinSizeRel|Win32.Build.0 = MinSizeRel|Win32
		{3C7EA636-9F97-37D5-BEAE-9C8FBD6FFDA0}.RelWithDebInfo|Win32.ActiveCfg = RelWithDebInfo|Win32
		{3C7EA636-9F97-37D5-BEAE-9C8FBD6FFDA0}.RelWithDebInfo|Win32.Build.0 = RelWithDebInfo|Win32
		{DFDA324A-3266-3ADA-9723-45F5F6E686ED}.Debug|Win32.ActiveCfg = Debug|Win32
		{DFDA324A-3266-3ADA-9723-45F5F6E686ED}.Debug|Win32.Build.0 = Debug|Win32
		{DFDA324A-3266-3ADA-9723-45F5F6E686ED}.Release|Win32.ActiveCfg = Release|Win32
		{DFDA324A-3266-3ADA-9723-45F5F6E686ED}.Release|Win32.Build.0 = Release|Win32
		{DFDA324A-3266-3ADA-9723-45F5F6E686ED}.MinSizeRel|Win32.ActiveCfg = MinSizeRel|Win32
		{DFDA324A-3266-3ADA-9723-45F5F6E686ED}.MinSizeRel|Win32.Build.0 = MinSizeRel|Win32
		{DFDA324A-3266-3ADA-9723-45F5F6E686ED}.RelWithDebInfo|Win32.ActiveCfg = RelWithDebInfo|Win32
		{DFDA324A-3266-3ADA-9723-45F5F6E686ED}.RelWithDebInfo|Win32.Build.0 = RelWithDebInfo|Win32
		{EDFD1413-32C1-3C41-BA71-7E460A75DB31}.Debug|Win32.ActiveCfg = Debug|Win32
		{EDFD1413-32C1-3C41-BA71-7E460A75DB31}.Debug|Win32.Build.0 = Debug|Win32
		{EDFD1413-32C1-3C41-BA71-7E460A75DB31}.Release|Win32.ActiveCfg = Release|Win32
		{EDFD1413-32C1-3C41-BA71-7E460A75DB31}.Release|Win32.Build.0 = Release|Win32
		{EDFD1413-32C1-3C41-BA71-7E460A75DB31}.MinSizeRel|Win32.ActiveCfg = MinSizeRel|Win32
		{EDFD1413-32C1-3C41-BA71-7E460A75DB31}.MinSizeRel|Win32.Build.0 = MinSizeRel|Win32
		{EDFD1413-32C1-3C41-BA71-7E460A75DB31}.RelWithDebInfo|Win32.ActiveCfg = RelWithDebInfo|Win32
		{EDFD1413-32C1-3C41-BA71-7E460A75DB31}.RelWithDebInfo|Win32.Build.0 = RelWithDebInfo|Win32
		{192E948A-068C-32AF-8A2D-926B572A951E}.Debug|Win32.ActiveCfg = Debug|Win32
		{192E948A-068C-32AF-8A2D-926B572A951E}.Debug|Win32.Build.0 = Debug|Win32
		{192E948A-068C-32AF-8A2D-926B572A951E}.Release|Win32.ActiveCfg = Release|Win32
		{192E948A-068C-32AF-8A2D-926B572A951E}.Release|Win32.Build.0 = Release|Win32
		{192E948A-068C-32AF-8A2D-926B572A951E}.MinSizeRel|Win32.ActiveCfg = MinSizeRel|Win32
		{192E948A-068C-32AF-8A2D-926B572A951E}.MinSizeRel|Win32.Build.0 = MinSizeRel|Win32
		{192E948A-068C-32AF-8A2D-926B572A951E}.RelWithDebInfo|Win32.ActiveCfg = RelWithDebInfo|Win32
		{192E948A-068C-32AF-8A2D-926B572A951E}.RelWithDebInfo|Win32.Build.0 = RelWithDebInfo|Win32
	EndGlobalSection
	GlobalSection(NestedProjects) = preSolution
		{99D457DA-BA6D-3A4D-A4AC-5B739EAD21F9} = {6F6D359E-A99E-3F91-AF10-8F1D283C7C7C}
		{3C7EA636-9F97-37D5-BEAE-9C8FBD6FFDA0} = {6F6D359E-A99E-3F91-AF10-8F1D283C7C7C}
		{EDFD1413-32C1-3C41-BA71-7E460A75DB31} = {6C166944-A0E4-3522-88DD-F90026836486}
	EndGlobalSection
	GlobalSection(ExtensibilityGlobals) = postSolution
		SolutionGuid = {4BA3C8C8-79B8-38D3-8CE6-9F0B606EB567}
	EndGlobalSection
	GlobalSection(ExtensibilityAddIns) = postSolution
	EndGlobalSection
EndGlobal
