<?xml version="1.0" encoding="utf-8"?>
<Project ToolsVersion="15.0" xmlns="http://schemas.microsoft.com/developer/msbuild/2003">
  <ItemGroup>
    <CustomBuild Include="C:\Users\jorge\Documents\GitHub\ICG-Projects\assignment_5\cmake_build\CMakeFiles\e8b9002e46420b8727d584626a8fd35c\generate.stamp.rule">
      <Filter>CMake Rules</Filter>
    </CustomBuild>
  </ItemGroup>
  <ItemGroup>
    <Filter Include="CMake Rules">
      <UniqueIdentifier>{E677425C-FE9D-3484-982C-1EA84FAFB8EA}</UniqueIdentifier>
    </Filter>
  </ItemGroup>
</Project>
