Microsoft Visual Studio Solution File, Format Version 12.00
# Visual Studio 15
Project("{8BC9CEB8-8B4A-11D0-8D11-00A0C91BC942}") = "ALL_BUILD", "ALL_BUILD.vcxproj", "{410C4C28-B89A-343D-BE54-21F095B75B8B}"
	ProjectSection(ProjectDependencies) = postProject
		{BE3761D6-C7A7-3391-AACA-3FFC736E0654} = {BE3761D6-C7A7-3391-AACA-3FFC736E0654}
		{06341620-7D6C-3F47-9BFF-5523C65E4EF7} = {06341620-7D6C-3F47-9BFF-5523C65E4EF7}
		{A545DE7D-59A0-310B-99CC-AE50D769FE8C} = {A545DE7D-59A0-310B-99CC-AE50D769FE8C}
		{2C137AEC-6D61-3B2A-A6E5-89FEC36A218E} = {2C137AEC-6D61-3B2A-A6E5-89FEC36A218E}
	EndProjectSection
EndProject
Project("{8BC9CEB8-8B4A-11D0-8D11-00A0C91BC942}") = "INSTALL", "INSTALL.vcxproj", "{6FD6F879-41E4-30FB-ACFC-1C77EFAE8579}"
	ProjectSection(ProjectDependencies) = postProject
		{410C4C28-B89A-343D-BE54-21F095B75B8B} = {410C4C28-B89A-343D-BE54-21F095B75B8B}
		{BE3761D6-C7A7-3391-AACA-3FFC736E0654} = {BE3761D6-C7A7-3391-AACA-3FFC736E0654}
	EndProjectSection
EndProject
Project("{8BC9CEB8-8B4A-11D0-8D11-00A0C91BC942}") = "ZERO_CHECK", "ZERO_CHECK.vcxproj", "{BE3761D6-C7A7-3391-AACA-3FFC736E0654}"
	ProjectSection(ProjectDependencies) = postProject
	EndProjectSection
EndProject
Project("{8BC9CEB8-8B4A-11D0-8D11-00A0C91BC942}") = "debug_aabb", "src\debug_aabb.vcxproj", "{06341620-7D6C-3F47-9BFF-5523C65E4EF7}"
	ProjectSection(ProjectDependencies) = postProject
		{BE3761D6-C7A7-3391-AACA-3FFC736E0654} = {BE3761D6-C7A7-3391-AACA-3FFC736E0654}
		{A545DE7D-59A0-310B-99CC-AE50D769FE8C} = {A545DE7D-59A0-310B-99CC-AE50D769FE8C}
	EndProjectSection
EndProject
Project("{8BC9CEB8-8B4A-11D0-8D11-00A0C91BC942}") = "lodePNG", "lib\lodePNG\lodePNG.vcxproj", "{A545DE7D-59A0-310B-99CC-AE50D769FE8C}"
	ProjectSection(ProjectDependencies) = postProject
		{BE3761D6-C7A7-3391-AACA-3FFC736E0654} = {BE3761D6-C7A7-3391-AACA-3FFC736E0654}
	EndProjectSection
EndProject
Project("{8BC9CEB8-8B4A-11D0-8D11-00A0C91BC942}") = "raytrace", "src\raytrace.vcxproj", "{2C137AEC-6D61-3B2A-A6E5-89FEC36A218E}"
	ProjectSection(ProjectDependencies) = postProject
		{BE3761D6-C7A7-3391-AACA-3FFC736E0654} = {BE3761D6-C7A7-3391-AACA-3FFC736E0654}
		{A545DE7D-59A0-310B-99CC-AE50D769FE8C} = {A545DE7D-59A0-310B-99CC-AE50D769FE8C}
	EndProjectSection
EndProject
Global
	GlobalSection(SolutionConfigurationPlatforms) = preSolution
		Debug|x64 = Debug|x64
		Release|x64 = Release|x64
		MinSizeRel|x64 = MinSizeRel|x64
		RelWithDebInfo|x64 = RelWithDebInfo|x64
	EndGlobalSection
	GlobalSection(ProjectConfigurationPlatforms) = postSolution
		{410C4C28-B89A-343D-BE54-21F095B75B8B}.Debug|x64.ActiveCfg = Debug|x64
		{410C4C28-B89A-343D-BE54-21F095B75B8B}.Debug|x64.Build.0 = Debug|x64
		{410C4C28-B89A-343D-BE54-21F095B75B8B}.Release|x64.ActiveCfg = Release|x64
		{410C4C28-B89A-343D-BE54-21F095B75B8B}.Release|x64.Build.0 = Release|x64
		{410C4C28-B89A-343D-BE54-21F095B75B8B}.MinSizeRel|x64.ActiveCfg = MinSizeRel|x64
		{410C4C28-B89A-343D-BE54-21F095B75B8B}.MinSizeRel|x64.Build.0 = MinSizeRel|x64
		{410C4C28-B89A-343D-BE54-21F095B75B8B}.RelWithDebInfo|x64.ActiveCfg = RelWithDebInfo|x64
		{410C4C28-B89A-343D-BE54-21F095B75B8B}.RelWithDebInfo|x64.Build.0 = RelWithDebInfo|x64
		{6FD6F879-41E4-30FB-ACFC-1C77EFAE8579}.Debug|x64.ActiveCfg = Debug|x64
		{6FD6F879-41E4-30FB-ACFC-1C77EFAE8579}.Release|x64.ActiveCfg = Release|x64
		{6FD6F879-41E4-30FB-ACFC-1C77EFAE8579}.MinSizeRel|x64.ActiveCfg = MinSizeRel|x64
		{6FD6F879-41E4-30FB-ACFC-1C77EFAE8579}.RelWithDebInfo|x64.ActiveCfg = RelWithDebInfo|x64
		{BE3761D6-C7A7-3391-AACA-3FFC736E0654}.Debug|x64.ActiveCfg = Debug|x64
		{BE3761D6-C7A7-3391-AACA-3FFC736E0654}.Debug|x64.Build.0 = Debug|x64
		{BE3761D6-C7A7-3391-AACA-3FFC736E0654}.Release|x64.ActiveCfg = Release|x64
		{BE3761D6-C7A7-3391-AACA-3FFC736E0654}.Release|x64.Build.0 = Release|x64
		{BE3761D6-C7A7-3391-AACA-3FFC736E0654}.MinSizeRel|x64.ActiveCfg = MinSizeRel|x64
		{BE3761D6-C7A7-3391-AACA-3FFC736E0654}.MinSizeRel|x64.Build.0 = MinSizeRel|x64
		{BE3761D6-C7A7-3391-AACA-3FFC736E0654}.RelWithDebInfo|x64.ActiveCfg = RelWithDebInfo|x64
		{BE3761D6-C7A7-3391-AACA-3FFC736E0654}.RelWithDebInfo|x64.Build.0 = RelWithDebInfo|x64
		{06341620-7D6C-3F47-9BFF-5523C65E4EF7}.Debug|x64.ActiveCfg = Debug|x64
		{06341620-7D6C-3F47-9BFF-5523C65E4EF7}.Debug|x64.Build.0 = Debug|x64
		{06341620-7D6C-3F47-9BFF-5523C65E4EF7}.Release|x64.ActiveCfg = Release|x64
		{06341620-7D6C-3F47-9BFF-5523C65E4EF7}.Release|x64.Build.0 = Release|x64
		{06341620-7D6C-3F47-9BFF-5523C65E4EF7}.MinSizeRel|x64.ActiveCfg = MinSizeRel|x64
		{06341620-7D6C-3F47-9BFF-5523C65E4EF7}.MinSizeRel|x64.Build.0 = MinSizeRel|x64
		{06341620-7D6C-3F47-9BFF-5523C65E4EF7}.RelWithDebInfo|x64.ActiveCfg = RelWithDebInfo|x64
		{06341620-7D6C-3F47-9BFF-5523C65E4EF7}.RelWithDebInfo|x64.Build.0 = RelWithDebInfo|x64
		{A545DE7D-59A0-310B-99CC-AE50D769FE8C}.Debug|x64.ActiveCfg = Debug|x64
		{A545DE7D-59A0-310B-99CC-AE50D769FE8C}.Debug|x64.Build.0 = Debug|x64
		{A545DE7D-59A0-310B-99CC-AE50D769FE8C}.Release|x64.ActiveCfg = Release|x64
		{A545DE7D-59A0-310B-99CC-AE50D769FE8C}.Release|x64.Build.0 = Release|x64
		{A545DE7D-59A0-310B-99CC-AE50D769FE8C}.MinSizeRel|x64.ActiveCfg = MinSizeRel|x64
		{A545DE7D-59A0-310B-99CC-AE50D769FE8C}.MinSizeRel|x64.Build.0 = MinSizeRel|x64
		{A545DE7D-59A0-310B-99CC-AE50D769FE8C}.RelWithDebInfo|x64.ActiveCfg = RelWithDebInfo|x64
		{A545DE7D-59A0-310B-99CC-AE50D769FE8C}.RelWithDebInfo|x64.Build.0 = RelWithDebInfo|x64
		{2C137AEC-6D61-3B2A-A6E5-89FEC36A218E}.Debug|x64.ActiveCfg = Debug|x64
		{2C137AEC-6D61-3B2A-A6E5-89FEC36A218E}.Debug|x64.Build.0 = Debug|x64
		{2C137AEC-6D61-3B2A-A6E5-89FEC36A218E}.Release|x64.ActiveCfg = Release|x64
		{2C137AEC-6D61-3B2A-A6E5-89FEC36A218E}.Release|x64.Build.0 = Release|x64
		{2C137AEC-6D61-3B2A-A6E5-89FEC36A218E}.MinSizeRel|x64.ActiveCfg = MinSizeRel|x64
		{2C137AEC-6D61-3B2A-A6E5-89FEC36A218E}.MinSizeRel|x64.Build.0 = MinSizeRel|x64
		{2C137AEC-6D61-3B2A-A6E5-89FEC36A218E}.RelWithDebInfo|x64.ActiveCfg = RelWithDebInfo|x64
		{2C137AEC-6D61-3B2A-A6E5-89FEC36A218E}.RelWithDebInfo|x64.Build.0 = RelWithDebInfo|x64
	EndGlobalSection
	GlobalSection(ExtensibilityGlobals) = postSolution
		SolutionGuid = {E82EC32C-8F8B-3038-8A9B-882618B8BD4E}
	EndGlobalSection
	GlobalSection(ExtensibilityAddIns) = postSolution
	EndGlobalSection
EndGlobal
